
Microsoft Visual Studio Solution File, Format Version 12.00
# Visual Studio Version 17
VisualStudioVersion = 17.4.33205.214
MinimumVisualStudioVersion = 10.0.40219.1
Project("{FAE04EC0-301F-11D3-BF4B-00C04F79EFBC}") = "KeyAlgorithm", "KeyAlgorithm\KeyAlgorithm.csproj", "{3E9A3C06-2D9F-4EAB-9642-890C42690DBA}"
EndProject
Global
	GlobalSection(SolutionConfigurationPlatforms) = preSolution
		Debug|Any CPU = Debug|Any CPU
		Release|Any CPU = Release|Any CPU
	EndGlobalSection
	GlobalSection(ProjectConfigurationPlatforms) = postSolution
		{3E9A3C06-2D9F-4EAB-9642-890C42690DBA}.Debug|Any CPU.ActiveCfg = Debug|Any CPU
		{3E9A3C06-2D9F-4EAB-9642-890C42690DBA}.Debug|Any CPU.Build.0 = Debug|Any CPU
		{3E9A3C06-2D9F-4EAB-9642-890C42690DBA}.Release|Any CPU.ActiveCfg = Release|Any CPU
		{3E9A3C06-2D9F-4EAB-9642-890C42690DBA}.Release|Any CPU.Build.0 = Release|Any CPU
	EndGlobalSection
	GlobalSection(SolutionProperties) = preSolution
		HideSolutionNode = FALSE
	EndGlobalSection
	GlobalSection(ExtensibilityGlobals) = postSolution
		SolutionGuid = {81A8AACA-D472-44C8-8691-8740CC8E69C8}
	EndGlobalSection
EndGlobal
